// !$*UTF8*$!
{
	archiveVersion = 1;
	classes = {
	};
	objectVersion = 50;
	objects = {

/* Begin PBXBuildFile section */
		8AEDA4E90AB10B431F1B6851 /* Pods_ProductsCatalog.framework in Frameworks */ = {isa = PBXBuildFile; fileRef = 37C2456E5F14A24A91A1E31D /* Pods_ProductsCatalog.framework */; };
		A10E8CC522825131009FC008 /* ApiProductsDataSource.swift in Sources */ = {isa = PBXBuildFile; fileRef = A10E8CC422825131009FC008 /* ApiProductsDataSource.swift */; };
		A10E8CC72282513D009FC008 /* ProductsDataSource.swift in Sources */ = {isa = PBXBuildFile; fileRef = A10E8CC62282513D009FC008 /* ProductsDataSource.swift */; };
		A10E8CCA22825250009FC008 /* RemoteDatabaseDataSource.swift in Sources */ = {isa = PBXBuildFile; fileRef = A10E8CC922825250009FC008 /* RemoteDatabaseDataSource.swift */; };
		A10E8CCC22825925009FC008 /* FirebaseRemoteDatabaseDataSource.swift in Sources */ = {isa = PBXBuildFile; fileRef = A10E8CCB22825925009FC008 /* FirebaseRemoteDatabaseDataSource.swift */; };
		A10E8CCE22825AE3009FC008 /* CartProcutEntity.swift in Sources */ = {isa = PBXBuildFile; fileRef = A10E8CCD22825AE3009FC008 /* CartProcutEntity.swift */; };
		A10E8CD022825B49009FC008 /* RemoteDatabaseRepository.swift in Sources */ = {isa = PBXBuildFile; fileRef = A10E8CCF22825B49009FC008 /* RemoteDatabaseRepository.swift */; };
		A10E8CD222825E7C009FC008 /* FirebaseException.swift in Sources */ = {isa = PBXBuildFile; fileRef = A10E8CD122825E7C009FC008 /* FirebaseException.swift */; };
		A10E8CD422825EE0009FC008 /* GeneralException.swift in Sources */ = {isa = PBXBuildFile; fileRef = A10E8CD322825EE0009FC008 /* GeneralException.swift */; };
		A10E8CD722826051009FC008 /* AddProductToCartUseCase.swift in Sources */ = {isa = PBXBuildFile; fileRef = A10E8CD622826051009FC008 /* AddProductToCartUseCase.swift */; };
		A10E8CD92282609D009FC008 /* CartProductModel.swift in Sources */ = {isa = PBXBuildFile; fileRef = A10E8CD82282609D009FC008 /* CartProductModel.swift */; };
		A10E8CDB2282639D009FC008 /* RemoveProductFromCartUseCase.swift in Sources */ = {isa = PBXBuildFile; fileRef = A10E8CDA2282639D009FC008 /* RemoveProductFromCartUseCase.swift */; };
		A10E8CDD2282670B009FC008 /* RetrieveCartProductsUseCase.swift in Sources */ = {isa = PBXBuildFile; fileRef = A10E8CDC2282670B009FC008 /* RetrieveCartProductsUseCase.swift */; };
		A10E8CE52282810C009FC008 /* RetrieveAvailableSizesUseCase.swift in Sources */ = {isa = PBXBuildFile; fileRef = A10E8CE42282810C009FC008 /* RetrieveAvailableSizesUseCase.swift */; };
		A10E8CE72282811E009FC008 /* UseCase.swift in Sources */ = {isa = PBXBuildFile; fileRef = A10E8CE62282811E009FC008 /* UseCase.swift */; };
		A10E8CE922828846009FC008 /* GoogleService-Info.plist in Resources */ = {isa = PBXBuildFile; fileRef = A10E8CE822828846009FC008 /* GoogleService-Info.plist */; };
		A10E8CED22828D71009FC008 /* CartFooterView.swift in Sources */ = {isa = PBXBuildFile; fileRef = A10E8CEC22828D71009FC008 /* CartFooterView.swift */; };
		A10E8CEF22828EC6009FC008 /* UIStackView+Extension.swift in Sources */ = {isa = PBXBuildFile; fileRef = A10E8CEE22828EC6009FC008 /* UIStackView+Extension.swift */; };
		A10E8CF122829017009FC008 /* CartTableViewDataSource.swift in Sources */ = {isa = PBXBuildFile; fileRef = A10E8CF022829017009FC008 /* CartTableViewDataSource.swift */; };
		A10E8CF422829058009FC008 /* CartProductTableViewCell.swift in Sources */ = {isa = PBXBuildFile; fileRef = A10E8CF322829058009FC008 /* CartProductTableViewCell.swift */; };
		A10E8CF622829420009FC008 /* UITableView+Extension.swift in Sources */ = {isa = PBXBuildFile; fileRef = A10E8CF522829420009FC008 /* UITableView+Extension.swift */; };
		A10E8CF82282A55B009FC008 /* EmptableView.swift in Sources */ = {isa = PBXBuildFile; fileRef = A10E8CF72282A55B009FC008 /* EmptableView.swift */; };
		A10E8CFA2282A63C009FC008 /* HomeEmptyStateView.swift in Sources */ = {isa = PBXBuildFile; fileRef = A10E8CF92282A63C009FC008 /* HomeEmptyStateView.swift */; };
		A10E8CFC2282AB5F009FC008 /* CartEmptyStateView.swift in Sources */ = {isa = PBXBuildFile; fileRef = A10E8CFB2282AB5F009FC008 /* CartEmptyStateView.swift */; };
		A10F68C122810416000BFFFC /* Localizable.strings in Resources */ = {isa = PBXBuildFile; fileRef = A10F68C322810416000BFFFC /* Localizable.strings */; };
		A10F68C922810714000BFFFC /* ProductsCollectionViewDataSource.swift in Sources */ = {isa = PBXBuildFile; fileRef = A10F68C822810714000BFFFC /* ProductsCollectionViewDataSource.swift */; };
		A10F68CD2281087F000BFFFC /* UICollectionView+Extension.swift in Sources */ = {isa = PBXBuildFile; fileRef = A10F68CC2281087F000BFFFC /* UICollectionView+Extension.swift */; };
		A10F68CF2281096E000BFFFC /* ProductCollectionViewCell.swift in Sources */ = {isa = PBXBuildFile; fileRef = A10F68CE2281096E000BFFFC /* ProductCollectionViewCell.swift */; };
		A10F68D1228109D6000BFFFC /* UIImageView+Extension.swift in Sources */ = {isa = PBXBuildFile; fileRef = A10F68D0228109D6000BFFFC /* UIImageView+Extension.swift */; };
		A10F68D322810BA6000BFFFC /* UIView+Extension.swift in Sources */ = {isa = PBXBuildFile; fileRef = A10F68D222810BA6000BFFFC /* UIView+Extension.swift */; };
		A10F68D622811CC4000BFFFC /* LoadableView.swift in Sources */ = {isa = PBXBuildFile; fileRef = A10F68D522811CC3000BFFFC /* LoadableView.swift */; };
		A17BD1F5227FE80A0011C488 /* AppDelegate.swift in Sources */ = {isa = PBXBuildFile; fileRef = A17BD1F4227FE80A0011C488 /* AppDelegate.swift */; };
		A17BD1FC227FE80B0011C488 /* Assets.xcassets in Resources */ = {isa = PBXBuildFile; fileRef = A17BD1FB227FE80B0011C488 /* Assets.xcassets */; };
		A17BD1FF227FE80B0011C488 /* LaunchScreen.storyboard in Resources */ = {isa = PBXBuildFile; fileRef = A17BD1FD227FE80B0011C488 /* LaunchScreen.storyboard */; };
		A17BD20A227FE80B0011C488 /* ProductsCatalogTests.swift in Sources */ = {isa = PBXBuildFile; fileRef = A17BD209227FE80B0011C488 /* ProductsCatalogTests.swift */; };
		A17BD217227FEA670011C488 /* R.generated.swift in Sources */ = {isa = PBXBuildFile; fileRef = A17BD216227FEA670011C488 /* R.generated.swift */; };
		A17BD21A22803AA60011C488 /* DependencyInjection.swift in Sources */ = {isa = PBXBuildFile; fileRef = A17BD21922803AA60011C488 /* DependencyInjection.swift */; };
		A17BD22022803B480011C488 /* Coordinator.swift in Sources */ = {isa = PBXBuildFile; fileRef = A17BD21E22803B480011C488 /* Coordinator.swift */; };
		A17BD22122803B480011C488 /* NavigationCoordination.swift in Sources */ = {isa = PBXBuildFile; fileRef = A17BD21F22803B480011C488 /* NavigationCoordination.swift */; };
		A17BD22422803B650011C488 /* ApplicationCoordinator.swift in Sources */ = {isa = PBXBuildFile; fileRef = A17BD22322803B650011C488 /* ApplicationCoordinator.swift */; };
		A17BD23222803D730011C488 /* HomeViewController.swift in Sources */ = {isa = PBXBuildFile; fileRef = A17BD23122803D730011C488 /* HomeViewController.swift */; };
		A17BD23422803D7C0011C488 /* HomePresenter.swift in Sources */ = {isa = PBXBuildFile; fileRef = A17BD23322803D7C0011C488 /* HomePresenter.swift */; };
		A17BD23622803D840011C488 /* HomeViewModel.swift in Sources */ = {isa = PBXBuildFile; fileRef = A17BD23522803D840011C488 /* HomeViewModel.swift */; };
		A17BD23822803D900011C488 /* HomeView.swift in Sources */ = {isa = PBXBuildFile; fileRef = A17BD23722803D900011C488 /* HomeView.swift */; };
		A17BD23A22803D9B0011C488 /* CartViewController.swift in Sources */ = {isa = PBXBuildFile; fileRef = A17BD23922803D9B0011C488 /* CartViewController.swift */; };
		A17BD23C22803DA30011C488 /* CartPresenter.swift in Sources */ = {isa = PBXBuildFile; fileRef = A17BD23B22803DA30011C488 /* CartPresenter.swift */; };
		A17BD23E22803DAA0011C488 /* CartViewModel.swift in Sources */ = {isa = PBXBuildFile; fileRef = A17BD23D22803DAA0011C488 /* CartViewModel.swift */; };
		A17BD24022803DB40011C488 /* CartView.swift in Sources */ = {isa = PBXBuildFile; fileRef = A17BD23F22803DB40011C488 /* CartView.swift */; };
		A17BD24422803ED30011C488 /* HomeCoordinator.swift in Sources */ = {isa = PBXBuildFile; fileRef = A17BD24322803ED30011C488 /* HomeCoordinator.swift */; };
		A17BD24622803EDB0011C488 /* CartCoordinator.swift in Sources */ = {isa = PBXBuildFile; fileRef = A17BD24522803EDB0011C488 /* CartCoordinator.swift */; };
		A17BD248228048FD0011C488 /* TabController.swift in Sources */ = {isa = PBXBuildFile; fileRef = A17BD247228048FD0011C488 /* TabController.swift */; };
		A17BD24B22804B010011C488 /* Endpoint.swift in Sources */ = {isa = PBXBuildFile; fileRef = A17BD24A22804B010011C488 /* Endpoint.swift */; };
		A17BD24F22804C4B0011C488 /* ProductEntity.swift in Sources */ = {isa = PBXBuildFile; fileRef = A17BD24E22804C4B0011C488 /* ProductEntity.swift */; };
		A17BD25422804F8A0011C488 /* JSONParseException.swift in Sources */ = {isa = PBXBuildFile; fileRef = A17BD25322804F8A0011C488 /* JSONParseException.swift */; };
		A17BD256228052C20011C488 /* ProductsRepository.swift in Sources */ = {isa = PBXBuildFile; fileRef = A17BD255228052C20011C488 /* ProductsRepository.swift */; };
		A17BD258228053050011C488 /* ReactiveUseCase.swift in Sources */ = {isa = PBXBuildFile; fileRef = A17BD257228053050011C488 /* ReactiveUseCase.swift */; };
		A17BD25B2280539C0011C488 /* RetrieveProductsUseCase.swift in Sources */ = {isa = PBXBuildFile; fileRef = A17BD25A2280539C0011C488 /* RetrieveProductsUseCase.swift */; };
		A17BD25E228053C20011C488 /* ProductModel.swift in Sources */ = {isa = PBXBuildFile; fileRef = A17BD25D228053C20011C488 /* ProductModel.swift */; };
		BE0F1AE08FC97AA591A08DD4 /* Pods_ProductsCatalogTests.framework in Frameworks */ = {isa = PBXBuildFile; fileRef = 68F03089F5EF6A827402E553 /* Pods_ProductsCatalogTests.framework */; };
/* End PBXBuildFile section */

/* Begin PBXContainerItemProxy section */
		A17BD206227FE80B0011C488 /* PBXContainerItemProxy */ = {
			isa = PBXContainerItemProxy;
			containerPortal = A17BD1E9227FE80A0011C488 /* Project object */;
			proxyType = 1;
			remoteGlobalIDString = A17BD1F0227FE80A0011C488;
			remoteInfo = ProductsCatalog;
		};
/* End PBXContainerItemProxy section */

/* Begin PBXFileReference section */
		37C2456E5F14A24A91A1E31D /* Pods_ProductsCatalog.framework */ = {isa = PBXFileReference; explicitFileType = wrapper.framework; includeInIndex = 0; path = Pods_ProductsCatalog.framework; sourceTree = BUILT_PRODUCTS_DIR; };
		68F03089F5EF6A827402E553 /* Pods_ProductsCatalogTests.framework */ = {isa = PBXFileReference; explicitFileType = wrapper.framework; includeInIndex = 0; path = Pods_ProductsCatalogTests.framework; sourceTree = BUILT_PRODUCTS_DIR; };
		828035512A268AA0968899D6 /* Pods-ProductsCatalogTests.release.xcconfig */ = {isa = PBXFileReference; includeInIndex = 1; lastKnownFileType = text.xcconfig; name = "Pods-ProductsCatalogTests.release.xcconfig"; path = "Pods/Target Support Files/Pods-ProductsCatalogTests/Pods-ProductsCatalogTests.release.xcconfig"; sourceTree = "<group>"; };
		A10E8CC422825131009FC008 /* ApiProductsDataSource.swift */ = {isa = PBXFileReference; lastKnownFileType = sourcecode.swift; path = ApiProductsDataSource.swift; sourceTree = "<group>"; };
		A10E8CC62282513D009FC008 /* ProductsDataSource.swift */ = {isa = PBXFileReference; lastKnownFileType = sourcecode.swift; path = ProductsDataSource.swift; sourceTree = "<group>"; };
		A10E8CC922825250009FC008 /* RemoteDatabaseDataSource.swift */ = {isa = PBXFileReference; lastKnownFileType = sourcecode.swift; path = RemoteDatabaseDataSource.swift; sourceTree = "<group>"; };
		A10E8CCB22825925009FC008 /* FirebaseRemoteDatabaseDataSource.swift */ = {isa = PBXFileReference; lastKnownFileType = sourcecode.swift; path = FirebaseRemoteDatabaseDataSource.swift; sourceTree = "<group>"; };
		A10E8CCD22825AE3009FC008 /* CartProcutEntity.swift */ = {isa = PBXFileReference; lastKnownFileType = sourcecode.swift; path = CartProcutEntity.swift; sourceTree = "<group>"; };
		A10E8CCF22825B49009FC008 /* RemoteDatabaseRepository.swift */ = {isa = PBXFileReference; lastKnownFileType = sourcecode.swift; path = RemoteDatabaseRepository.swift; sourceTree = "<group>"; };
		A10E8CD122825E7C009FC008 /* FirebaseException.swift */ = {isa = PBXFileReference; lastKnownFileType = sourcecode.swift; path = FirebaseException.swift; sourceTree = "<group>"; };
		A10E8CD322825EE0009FC008 /* GeneralException.swift */ = {isa = PBXFileReference; lastKnownFileType = sourcecode.swift; path = GeneralException.swift; sourceTree = "<group>"; };
		A10E8CD622826051009FC008 /* AddProductToCartUseCase.swift */ = {isa = PBXFileReference; lastKnownFileType = sourcecode.swift; path = AddProductToCartUseCase.swift; sourceTree = "<group>"; };
		A10E8CD82282609D009FC008 /* CartProductModel.swift */ = {isa = PBXFileReference; lastKnownFileType = sourcecode.swift; path = CartProductModel.swift; sourceTree = "<group>"; };
		A10E8CDA2282639D009FC008 /* RemoveProductFromCartUseCase.swift */ = {isa = PBXFileReference; lastKnownFileType = sourcecode.swift; path = RemoveProductFromCartUseCase.swift; sourceTree = "<group>"; };
		A10E8CDC2282670B009FC008 /* RetrieveCartProductsUseCase.swift */ = {isa = PBXFileReference; lastKnownFileType = sourcecode.swift; path = RetrieveCartProductsUseCase.swift; sourceTree = "<group>"; };
		A10E8CE42282810C009FC008 /* RetrieveAvailableSizesUseCase.swift */ = {isa = PBXFileReference; lastKnownFileType = sourcecode.swift; path = RetrieveAvailableSizesUseCase.swift; sourceTree = "<group>"; };
		A10E8CE62282811E009FC008 /* UseCase.swift */ = {isa = PBXFileReference; lastKnownFileType = sourcecode.swift; path = UseCase.swift; sourceTree = "<group>"; };
		A10E8CE822828846009FC008 /* GoogleService-Info.plist */ = {isa = PBXFileReference; fileEncoding = 4; lastKnownFileType = text.plist.xml; name = "GoogleService-Info.plist"; path = "../../../Downloads/GoogleService-Info.plist"; sourceTree = "<group>"; };
		A10E8CEC22828D71009FC008 /* CartFooterView.swift */ = {isa = PBXFileReference; lastKnownFileType = sourcecode.swift; path = CartFooterView.swift; sourceTree = "<group>"; };
		A10E8CEE22828EC6009FC008 /* UIStackView+Extension.swift */ = {isa = PBXFileReference; lastKnownFileType = sourcecode.swift; path = "UIStackView+Extension.swift"; sourceTree = "<group>"; };
		A10E8CF022829017009FC008 /* CartTableViewDataSource.swift */ = {isa = PBXFileReference; lastKnownFileType = sourcecode.swift; path = CartTableViewDataSource.swift; sourceTree = "<group>"; };
		A10E8CF322829058009FC008 /* CartProductTableViewCell.swift */ = {isa = PBXFileReference; lastKnownFileType = sourcecode.swift; path = CartProductTableViewCell.swift; sourceTree = "<group>"; };
		A10E8CF522829420009FC008 /* UITableView+Extension.swift */ = {isa = PBXFileReference; lastKnownFileType = sourcecode.swift; path = "UITableView+Extension.swift"; sourceTree = "<group>"; };
		A10E8CF72282A55B009FC008 /* EmptableView.swift */ = {isa = PBXFileReference; lastKnownFileType = sourcecode.swift; path = EmptableView.swift; sourceTree = "<group>"; };
		A10E8CF92282A63C009FC008 /* HomeEmptyStateView.swift */ = {isa = PBXFileReference; lastKnownFileType = sourcecode.swift; path = HomeEmptyStateView.swift; sourceTree = "<group>"; };
		A10E8CFB2282AB5F009FC008 /* CartEmptyStateView.swift */ = {isa = PBXFileReference; lastKnownFileType = sourcecode.swift; path = CartEmptyStateView.swift; sourceTree = "<group>"; };
		A10F68BE228103C9000BFFFC /* pt-BR */ = {isa = PBXFileReference; lastKnownFileType = text.plist.strings; name = "pt-BR"; path = "pt-BR.lproj/LaunchScreen.strings"; sourceTree = "<group>"; };
		A10F68C222810416000BFFFC /* en */ = {isa = PBXFileReference; lastKnownFileType = text.plist.strings; name = en; path = en.lproj/Localizable.strings; sourceTree = "<group>"; };
		A10F68C42281041B000BFFFC /* pt-BR */ = {isa = PBXFileReference; lastKnownFileType = text.plist.strings; name = "pt-BR"; path = "pt-BR.lproj/Localizable.strings"; sourceTree = "<group>"; };
		A10F68C822810714000BFFFC /* ProductsCollectionViewDataSource.swift */ = {isa = PBXFileReference; lastKnownFileType = sourcecode.swift; path = ProductsCollectionViewDataSource.swift; sourceTree = "<group>"; };
		A10F68CC2281087F000BFFFC /* UICollectionView+Extension.swift */ = {isa = PBXFileReference; lastKnownFileType = sourcecode.swift; path = "UICollectionView+Extension.swift"; sourceTree = "<group>"; };
		A10F68CE2281096E000BFFFC /* ProductCollectionViewCell.swift */ = {isa = PBXFileReference; lastKnownFileType = sourcecode.swift; path = ProductCollectionViewCell.swift; sourceTree = "<group>"; };
		A10F68D0228109D6000BFFFC /* UIImageView+Extension.swift */ = {isa = PBXFileReference; lastKnownFileType = sourcecode.swift; path = "UIImageView+Extension.swift"; sourceTree = "<group>"; };
		A10F68D222810BA6000BFFFC /* UIView+Extension.swift */ = {isa = PBXFileReference; lastKnownFileType = sourcecode.swift; path = "UIView+Extension.swift"; sourceTree = "<group>"; };
		A10F68D522811CC3000BFFFC /* LoadableView.swift */ = {isa = PBXFileReference; fileEncoding = 4; lastKnownFileType = sourcecode.swift; path = LoadableView.swift; sourceTree = "<group>"; };
		A17BD1F1227FE80A0011C488 /* ProductsCatalog.app */ = {isa = PBXFileReference; explicitFileType = wrapper.application; includeInIndex = 0; path = ProductsCatalog.app; sourceTree = BUILT_PRODUCTS_DIR; };
		A17BD1F4227FE80A0011C488 /* AppDelegate.swift */ = {isa = PBXFileReference; lastKnownFileType = sourcecode.swift; path = AppDelegate.swift; sourceTree = "<group>"; };
		A17BD1FB227FE80B0011C488 /* Assets.xcassets */ = {isa = PBXFileReference; lastKnownFileType = folder.assetcatalog; path = Assets.xcassets; sourceTree = "<group>"; };
		A17BD1FE227FE80B0011C488 /* Base */ = {isa = PBXFileReference; lastKnownFileType = file.storyboard; name = Base; path = Base.lproj/LaunchScreen.storyboard; sourceTree = "<group>"; };
		A17BD200227FE80B0011C488 /* Info.plist */ = {isa = PBXFileReference; lastKnownFileType = text.plist.xml; path = Info.plist; sourceTree = "<group>"; };
		A17BD205227FE80B0011C488 /* ProductsCatalogTests.xctest */ = {isa = PBXFileReference; explicitFileType = wrapper.cfbundle; includeInIndex = 0; path = ProductsCatalogTests.xctest; sourceTree = BUILT_PRODUCTS_DIR; };
		A17BD209227FE80B0011C488 /* ProductsCatalogTests.swift */ = {isa = PBXFileReference; lastKnownFileType = sourcecode.swift; path = ProductsCatalogTests.swift; sourceTree = "<group>"; };
		A17BD20B227FE80B0011C488 /* Info.plist */ = {isa = PBXFileReference; lastKnownFileType = text.plist.xml; path = Info.plist; sourceTree = "<group>"; };
		A17BD216227FEA670011C488 /* R.generated.swift */ = {isa = PBXFileReference; fileEncoding = 4; lastKnownFileType = sourcecode.swift; path = R.generated.swift; sourceTree = SOURCE_ROOT; };
		A17BD21922803AA60011C488 /* DependencyInjection.swift */ = {isa = PBXFileReference; lastKnownFileType = sourcecode.swift; path = DependencyInjection.swift; sourceTree = "<group>"; };
		A17BD21E22803B480011C488 /* Coordinator.swift */ = {isa = PBXFileReference; fileEncoding = 4; lastKnownFileType = sourcecode.swift; path = Coordinator.swift; sourceTree = "<group>"; };
		A17BD21F22803B480011C488 /* NavigationCoordination.swift */ = {isa = PBXFileReference; fileEncoding = 4; lastKnownFileType = sourcecode.swift; path = NavigationCoordination.swift; sourceTree = "<group>"; };
		A17BD22322803B650011C488 /* ApplicationCoordinator.swift */ = {isa = PBXFileReference; fileEncoding = 4; lastKnownFileType = sourcecode.swift; path = ApplicationCoordinator.swift; sourceTree = "<group>"; };
		A17BD23122803D730011C488 /* HomeViewController.swift */ = {isa = PBXFileReference; lastKnownFileType = sourcecode.swift; path = HomeViewController.swift; sourceTree = "<group>"; };
		A17BD23322803D7C0011C488 /* HomePresenter.swift */ = {isa = PBXFileReference; lastKnownFileType = sourcecode.swift; path = HomePresenter.swift; sourceTree = "<group>"; };
		A17BD23522803D840011C488 /* HomeViewModel.swift */ = {isa = PBXFileReference; lastKnownFileType = sourcecode.swift; path = HomeViewModel.swift; sourceTree = "<group>"; };
		A17BD23722803D900011C488 /* HomeView.swift */ = {isa = PBXFileReference; lastKnownFileType = sourcecode.swift; path = HomeView.swift; sourceTree = "<group>"; };
		A17BD23922803D9B0011C488 /* CartViewController.swift */ = {isa = PBXFileReference; lastKnownFileType = sourcecode.swift; path = CartViewController.swift; sourceTree = "<group>"; };
		A17BD23B22803DA30011C488 /* CartPresenter.swift */ = {isa = PBXFileReference; lastKnownFileType = sourcecode.swift; path = CartPresenter.swift; sourceTree = "<group>"; };
		A17BD23D22803DAA0011C488 /* CartViewModel.swift */ = {isa = PBXFileReference; lastKnownFileType = sourcecode.swift; path = CartViewModel.swift; sourceTree = "<group>"; };
		A17BD23F22803DB40011C488 /* CartView.swift */ = {isa = PBXFileReference; lastKnownFileType = sourcecode.swift; path = CartView.swift; sourceTree = "<group>"; };
		A17BD24322803ED30011C488 /* HomeCoordinator.swift */ = {isa = PBXFileReference; lastKnownFileType = sourcecode.swift; path = HomeCoordinator.swift; sourceTree = "<group>"; };
		A17BD24522803EDB0011C488 /* CartCoordinator.swift */ = {isa = PBXFileReference; lastKnownFileType = sourcecode.swift; path = CartCoordinator.swift; sourceTree = "<group>"; };
		A17BD247228048FD0011C488 /* TabController.swift */ = {isa = PBXFileReference; lastKnownFileType = sourcecode.swift; path = TabController.swift; sourceTree = "<group>"; };
		A17BD24A22804B010011C488 /* Endpoint.swift */ = {isa = PBXFileReference; lastKnownFileType = sourcecode.swift; path = Endpoint.swift; sourceTree = "<group>"; };
		A17BD24E22804C4B0011C488 /* ProductEntity.swift */ = {isa = PBXFileReference; lastKnownFileType = sourcecode.swift; path = ProductEntity.swift; sourceTree = "<group>"; };
		A17BD25322804F8A0011C488 /* JSONParseException.swift */ = {isa = PBXFileReference; lastKnownFileType = sourcecode.swift; path = JSONParseException.swift; sourceTree = "<group>"; };
		A17BD255228052C20011C488 /* ProductsRepository.swift */ = {isa = PBXFileReference; lastKnownFileType = sourcecode.swift; path = ProductsRepository.swift; sourceTree = "<group>"; };
		A17BD257228053050011C488 /* ReactiveUseCase.swift */ = {isa = PBXFileReference; lastKnownFileType = sourcecode.swift; path = ReactiveUseCase.swift; sourceTree = "<group>"; };
		A17BD25A2280539C0011C488 /* RetrieveProductsUseCase.swift */ = {isa = PBXFileReference; lastKnownFileType = sourcecode.swift; path = RetrieveProductsUseCase.swift; sourceTree = "<group>"; };
		A17BD25D228053C20011C488 /* ProductModel.swift */ = {isa = PBXFileReference; lastKnownFileType = sourcecode.swift; path = ProductModel.swift; sourceTree = "<group>"; };
		A7572663A730EAC039DBBBC5 /* Pods-ProductsCatalog.debug.xcconfig */ = {isa = PBXFileReference; includeInIndex = 1; lastKnownFileType = text.xcconfig; name = "Pods-ProductsCatalog.debug.xcconfig"; path = "Pods/Target Support Files/Pods-ProductsCatalog/Pods-ProductsCatalog.debug.xcconfig"; sourceTree = "<group>"; };
		B21D312E518213DE0B07CEFF /* Pods-ProductsCatalogTests.debug.xcconfig */ = {isa = PBXFileReference; includeInIndex = 1; lastKnownFileType = text.xcconfig; name = "Pods-ProductsCatalogTests.debug.xcconfig"; path = "Pods/Target Support Files/Pods-ProductsCatalogTests/Pods-ProductsCatalogTests.debug.xcconfig"; sourceTree = "<group>"; };
		DC4756C0D804DAFC02518A6A /* Pods-ProductsCatalog.release.xcconfig */ = {isa = PBXFileReference; includeInIndex = 1; lastKnownFileType = text.xcconfig; name = "Pods-ProductsCatalog.release.xcconfig"; path = "Pods/Target Support Files/Pods-ProductsCatalog/Pods-ProductsCatalog.release.xcconfig"; sourceTree = "<group>"; };
/* End PBXFileReference section */

/* Begin PBXFrameworksBuildPhase section */
		A17BD1EE227FE80A0011C488 /* Frameworks */ = {
			isa = PBXFrameworksBuildPhase;
			buildActionMask = 2147483647;
			files = (
				8AEDA4E90AB10B431F1B6851 /* Pods_ProductsCatalog.framework in Frameworks */,
			);
			runOnlyForDeploymentPostprocessing = 0;
		};
		A17BD202227FE80B0011C488 /* Frameworks */ = {
			isa = PBXFrameworksBuildPhase;
			buildActionMask = 2147483647;
			files = (
				BE0F1AE08FC97AA591A08DD4 /* Pods_ProductsCatalogTests.framework in Frameworks */,
			);
			runOnlyForDeploymentPostprocessing = 0;
		};
/* End PBXFrameworksBuildPhase section */

/* Begin PBXGroup section */
		4E83F73932FD78A907A5464E /* Frameworks */ = {
			isa = PBXGroup;
			children = (
				37C2456E5F14A24A91A1E31D /* Pods_ProductsCatalog.framework */,
				68F03089F5EF6A827402E553 /* Pods_ProductsCatalogTests.framework */,
			);
			name = Frameworks;
			sourceTree = "<group>";
		};
		5E35AD81121E94DCE7505F23 /* Pods */ = {
			isa = PBXGroup;
			children = (
				A7572663A730EAC039DBBBC5 /* Pods-ProductsCatalog.debug.xcconfig */,
				DC4756C0D804DAFC02518A6A /* Pods-ProductsCatalog.release.xcconfig */,
				B21D312E518213DE0B07CEFF /* Pods-ProductsCatalogTests.debug.xcconfig */,
				828035512A268AA0968899D6 /* Pods-ProductsCatalogTests.release.xcconfig */,
			);
			name = Pods;
			sourceTree = "<group>";
		};
		A10E8CC3228250EC009FC008 /* Products */ = {
			isa = PBXGroup;
			children = (
				A10E8CC62282513D009FC008 /* ProductsDataSource.swift */,
				A10E8CC422825131009FC008 /* ApiProductsDataSource.swift */,
			);
			path = Products;
			sourceTree = "<group>";
		};
		A10E8CC822825243009FC008 /* RemoteDatabase */ = {
			isa = PBXGroup;
			children = (
				A10E8CC922825250009FC008 /* RemoteDatabaseDataSource.swift */,
				A10E8CCB22825925009FC008 /* FirebaseRemoteDatabaseDataSource.swift */,
			);
			path = RemoteDatabase;
			sourceTree = "<group>";
		};
		A10E8CD522826042009FC008 /* Cart */ = {
			isa = PBXGroup;
			children = (
				A10E8CD622826051009FC008 /* AddProductToCartUseCase.swift */,
				A10E8CDA2282639D009FC008 /* RemoveProductFromCartUseCase.swift */,
				A10E8CDC2282670B009FC008 /* RetrieveCartProductsUseCase.swift */,
				A10E8CE42282810C009FC008 /* RetrieveAvailableSizesUseCase.swift */,
			);
			path = Cart;
			sourceTree = "<group>";
		};
		A10E8CEA22828D56009FC008 /* TableView */ = {
			isa = PBXGroup;
			children = (
				A10E8CF22282904C009FC008 /* Cell */,
				A10E8CF022829017009FC008 /* CartTableViewDataSource.swift */,
			);
			path = TableView;
			sourceTree = "<group>";
		};
		A10E8CEB22828D66009FC008 /* Footer */ = {
			isa = PBXGroup;
			children = (
				A10E8CEC22828D71009FC008 /* CartFooterView.swift */,
			);
			path = Footer;
			sourceTree = "<group>";
		};
		A10E8CF22282904C009FC008 /* Cell */ = {
			isa = PBXGroup;
			children = (
				A10E8CF322829058009FC008 /* CartProductTableViewCell.swift */,
			);
			path = Cell;
			sourceTree = "<group>";
		};
		A10F68C52281059B000BFFFC /* Collection */ = {
			isa = PBXGroup;
			children = (
				A10F68CA22810717000BFFFC /* Cell */,
				A10F68C822810714000BFFFC /* ProductsCollectionViewDataSource.swift */,
			);
			path = Collection;
			sourceTree = "<group>";
		};
		A10F68CA22810717000BFFFC /* Cell */ = {
			isa = PBXGroup;
			children = (
				A10F68CE2281096E000BFFFC /* ProductCollectionViewCell.swift */,
			);
			path = Cell;
			sourceTree = "<group>";
		};
		A10F68CB2281086E000BFFFC /* Extensions */ = {
			isa = PBXGroup;
			children = (
				A10F68CC2281087F000BFFFC /* UICollectionView+Extension.swift */,
				A10E8CF522829420009FC008 /* UITableView+Extension.swift */,
				A10F68D0228109D6000BFFFC /* UIImageView+Extension.swift */,
				A10F68D222810BA6000BFFFC /* UIView+Extension.swift */,
				A10E8CEE22828EC6009FC008 /* UIStackView+Extension.swift */,
			);
			path = Extensions;
			sourceTree = "<group>";
		};
		A10F68D422811C94000BFFFC /* Components */ = {
			isa = PBXGroup;
			children = (
				A10F68D522811CC3000BFFFC /* LoadableView.swift */,
				A10E8CF72282A55B009FC008 /* EmptableView.swift */,
			);
			path = Components;
			sourceTree = "<group>";
		};
		A17BD1E8227FE80A0011C488 = {
			isa = PBXGroup;
			children = (
				A17BD1F3227FE80A0011C488 /* ProductsCatalog */,
				A17BD208227FE80B0011C488 /* ProductsCatalogTests */,
				A17BD1F2227FE80A0011C488 /* Products */,
				5E35AD81121E94DCE7505F23 /* Pods */,
				4E83F73932FD78A907A5464E /* Frameworks */,
			);
			sourceTree = "<group>";
		};
		A17BD1F2227FE80A0011C488 /* Products */ = {
			isa = PBXGroup;
			children = (
				A17BD1F1227FE80A0011C488 /* ProductsCatalog.app */,
				A17BD205227FE80B0011C488 /* ProductsCatalogTests.xctest */,
			);
			name = Products;
			sourceTree = "<group>";
		};
		A17BD1F3227FE80A0011C488 /* ProductsCatalog */ = {
			isa = PBXGroup;
			children = (
				A17BD22722803BE20011C488 /* Presentation */,
				A17BD22622803BDD0011C488 /* Domain */,
				A17BD22522803BD80011C488 /* Data */,
				A17BD21D22803B2B0011C488 /* Coordinator */,
				A17BD21822803A860011C488 /* DependencyInjection */,
				A17BD214227FE9810011C488 /* Support */,
				A17BD1F4227FE80A0011C488 /* AppDelegate.swift */,
				A10E8CE822828846009FC008 /* GoogleService-Info.plist */,
				A17BD1FB227FE80B0011C488 /* Assets.xcassets */,
				A17BD1FD227FE80B0011C488 /* LaunchScreen.storyboard */,
				A17BD200227FE80B0011C488 /* Info.plist */,
			);
			path = ProductsCatalog;
			sourceTree = "<group>";
		};
		A17BD208227FE80B0011C488 /* ProductsCatalogTests */ = {
			isa = PBXGroup;
			children = (
				A17BD209227FE80B0011C488 /* ProductsCatalogTests.swift */,
				A17BD20B227FE80B0011C488 /* Info.plist */,
			);
			path = ProductsCatalogTests;
			sourceTree = "<group>";
		};
		A17BD214227FE9810011C488 /* Support */ = {
			isa = PBXGroup;
			children = (
				A17BD216227FEA670011C488 /* R.generated.swift */,
				A10F68C322810416000BFFFC /* Localizable.strings */,
			);
			path = Support;
			sourceTree = "<group>";
		};
		A17BD21822803A860011C488 /* DependencyInjection */ = {
			isa = PBXGroup;
			children = (
				A17BD21922803AA60011C488 /* DependencyInjection.swift */,
			);
			path = DependencyInjection;
			sourceTree = "<group>";
		};
		A17BD21D22803B2B0011C488 /* Coordinator */ = {
			isa = PBXGroup;
			children = (
				A17BD24222803EC80011C488 /* Cart */,
				A17BD24122803EC40011C488 /* Home */,
				A17BD22222803B590011C488 /* Application */,
				A17BD21E22803B480011C488 /* Coordinator.swift */,
				A17BD21F22803B480011C488 /* NavigationCoordination.swift */,
				A17BD247228048FD0011C488 /* TabController.swift */,
			);
			path = Coordinator;
			sourceTree = "<group>";
		};
		A17BD22222803B590011C488 /* Application */ = {
			isa = PBXGroup;
			children = (
				A17BD22322803B650011C488 /* ApplicationCoordinator.swift */,
			);
			path = Application;
			sourceTree = "<group>";
		};
		A17BD22522803BD80011C488 /* Data */ = {
			isa = PBXGroup;
			children = (
				A17BD24922804AF60011C488 /* Networking */,
				A17BD22A22803BFD0011C488 /* Entity */,
				A17BD22922803BF70011C488 /* Repository */,
				A17BD22822803BF10011C488 /* DataSource */,
			);
			path = Data;
			sourceTree = "<group>";
		};
		A17BD22622803BDD0011C488 /* Domain */ = {
			isa = PBXGroup;
			children = (
				A17BD22C22803C100011C488 /* Model */,
				A17BD22B22803C0B0011C488 /* UseCase */,
			);
			path = Domain;
			sourceTree = "<group>";
		};
		A17BD22722803BE20011C488 /* Presentation */ = {
			isa = PBXGroup;
			children = (
				A10F68D422811C94000BFFFC /* Components */,
				A10F68CB2281086E000BFFFC /* Extensions */,
				A17BD22E22803D470011C488 /* Cart */,
				A17BD22D22803D420011C488 /* Home */,
			);
			path = Presentation;
			sourceTree = "<group>";
		};
		A17BD22822803BF10011C488 /* DataSource */ = {
			isa = PBXGroup;
			children = (
				A10E8CC822825243009FC008 /* RemoteDatabase */,
				A10E8CC3228250EC009FC008 /* Products */,
			);
			path = DataSource;
			sourceTree = "<group>";
		};
		A17BD22922803BF70011C488 /* Repository */ = {
			isa = PBXGroup;
			children = (
				A17BD255228052C20011C488 /* ProductsRepository.swift */,
				A10E8CCF22825B49009FC008 /* RemoteDatabaseRepository.swift */,
			);
			path = Repository;
			sourceTree = "<group>";
		};
		A17BD22A22803BFD0011C488 /* Entity */ = {
			isa = PBXGroup;
			children = (
				A17BD24E22804C4B0011C488 /* ProductEntity.swift */,
				A10E8CCD22825AE3009FC008 /* CartProcutEntity.swift */,
			);
			path = Entity;
			sourceTree = "<group>";
		};
		A17BD22B22803C0B0011C488 /* UseCase */ = {
			isa = PBXGroup;
			children = (
				A10E8CD522826042009FC008 /* Cart */,
				A17BD2592280538F0011C488 /* Products */,
				A10E8CE62282811E009FC008 /* UseCase.swift */,
				A17BD257228053050011C488 /* ReactiveUseCase.swift */,
			);
			path = UseCase;
			sourceTree = "<group>";
		};
		A17BD22C22803C100011C488 /* Model */ = {
			isa = PBXGroup;
			children = (
				A17BD25C228053BA0011C488 /* Product */,
			);
			path = Model;
			sourceTree = "<group>";
		};
		A17BD22D22803D420011C488 /* Home */ = {
			isa = PBXGroup;
			children = (
				A10F68C52281059B000BFFFC /* Collection */,
				A17BD22F22803D600011C488 /* View */,
				A17BD23122803D730011C488 /* HomeViewController.swift */,
				A17BD23322803D7C0011C488 /* HomePresenter.swift */,
				A17BD23522803D840011C488 /* HomeViewModel.swift */,
			);
			path = Home;
			sourceTree = "<group>";
		};
		A17BD22E22803D470011C488 /* Cart */ = {
			isa = PBXGroup;
			children = (
				A10E8CEA22828D56009FC008 /* TableView */,
				A17BD23022803D6A0011C488 /* View */,
				A17BD23922803D9B0011C488 /* CartViewController.swift */,
				A17BD23B22803DA30011C488 /* CartPresenter.swift */,
				A17BD23D22803DAA0011C488 /* CartViewModel.swift */,
			);
			path = Cart;
			sourceTree = "<group>";
		};
		A17BD22F22803D600011C488 /* View */ = {
			isa = PBXGroup;
			children = (
				A17BD23722803D900011C488 /* HomeView.swift */,
				A10E8CF92282A63C009FC008 /* HomeEmptyStateView.swift */,
			);
			path = View;
			sourceTree = "<group>";
		};
		A17BD23022803D6A0011C488 /* View */ = {
			isa = PBXGroup;
			children = (
				A10E8CEB22828D66009FC008 /* Footer */,
				A17BD23F22803DB40011C488 /* CartView.swift */,
				A10E8CFB2282AB5F009FC008 /* CartEmptyStateView.swift */,
			);
			path = View;
			sourceTree = "<group>";
		};
		A17BD24122803EC40011C488 /* Home */ = {
			isa = PBXGroup;
			children = (
				A17BD24322803ED30011C488 /* HomeCoordinator.swift */,
			);
			path = Home;
			sourceTree = "<group>";
		};
		A17BD24222803EC80011C488 /* Cart */ = {
			isa = PBXGroup;
			children = (
				A17BD24522803EDB0011C488 /* CartCoordinator.swift */,
			);
			path = Cart;
			sourceTree = "<group>";
		};
		A17BD24922804AF60011C488 /* Networking */ = {
			isa = PBXGroup;
			children = (
				A17BD25222804F7B0011C488 /* Error */,
				A17BD24A22804B010011C488 /* Endpoint.swift */,
			);
			path = Networking;
			sourceTree = "<group>";
		};
		A17BD25222804F7B0011C488 /* Error */ = {
			isa = PBXGroup;
			children = (
				A17BD25322804F8A0011C488 /* JSONParseException.swift */,
				A10E8CD122825E7C009FC008 /* FirebaseException.swift */,
				A10E8CD322825EE0009FC008 /* GeneralException.swift */,
			);
			path = Error;
			sourceTree = "<group>";
		};
		A17BD2592280538F0011C488 /* Products */ = {
			isa = PBXGroup;
			children = (
				A17BD25A2280539C0011C488 /* RetrieveProductsUseCase.swift */,
			);
			path = Products;
			sourceTree = "<group>";
		};
		A17BD25C228053BA0011C488 /* Product */ = {
			isa = PBXGroup;
			children = (
				A17BD25D228053C20011C488 /* ProductModel.swift */,
				A10E8CD82282609D009FC008 /* CartProductModel.swift */,
			);
			path = Product;
			sourceTree = "<group>";
		};
/* End PBXGroup section */

/* Begin PBXNativeTarget section */
		A17BD1F0227FE80A0011C488 /* ProductsCatalog */ = {
			isa = PBXNativeTarget;
			buildConfigurationList = A17BD20E227FE80B0011C488 /* Build configuration list for PBXNativeTarget "ProductsCatalog" */;
			buildPhases = (
				A5CA773BFBEEB5AE806C2062 /* [CP] Check Pods Manifest.lock */,
				A17BD215227FE9E90011C488 /* ShellScript */,
				A17BD1ED227FE80A0011C488 /* Sources */,
				A17BD1EE227FE80A0011C488 /* Frameworks */,
				A17BD1EF227FE80A0011C488 /* Resources */,
				6BE13ECD894B8A6503B0B886 /* [CP] Embed Pods Frameworks */,
			);
			buildRules = (
			);
			dependencies = (
			);
			name = ProductsCatalog;
			productName = ProductsCatalog;
			productReference = A17BD1F1227FE80A0011C488 /* ProductsCatalog.app */;
			productType = "com.apple.product-type.application";
		};
		A17BD204227FE80B0011C488 /* ProductsCatalogTests */ = {
			isa = PBXNativeTarget;
			buildConfigurationList = A17BD211227FE80B0011C488 /* Build configuration list for PBXNativeTarget "ProductsCatalogTests" */;
			buildPhases = (
				CFEA2A49BB80694228B4D66E /* [CP] Check Pods Manifest.lock */,
				A17BD201227FE80B0011C488 /* Sources */,
				A17BD202227FE80B0011C488 /* Frameworks */,
				A17BD203227FE80B0011C488 /* Resources */,
				36B71A4C5C736E0B167BC789 /* [CP] Embed Pods Frameworks */,
			);
			buildRules = (
			);
			dependencies = (
				A17BD207227FE80B0011C488 /* PBXTargetDependency */,
			);
			name = ProductsCatalogTests;
			productName = ProductsCatalogTests;
			productReference = A17BD205227FE80B0011C488 /* ProductsCatalogTests.xctest */;
			productType = "com.apple.product-type.bundle.unit-test";
		};
/* End PBXNativeTarget section */

/* Begin PBXProject section */
		A17BD1E9227FE80A0011C488 /* Project object */ = {
			isa = PBXProject;
			attributes = {
				LastSwiftUpdateCheck = 1020;
				LastUpgradeCheck = 1020;
				ORGANIZATIONNAME = "Vinicius Romani";
				TargetAttributes = {
					A17BD1F0227FE80A0011C488 = {
						CreatedOnToolsVersion = 10.2.1;
					};
					A17BD204227FE80B0011C488 = {
						CreatedOnToolsVersion = 10.2.1;
						TestTargetID = A17BD1F0227FE80A0011C488;
					};
				};
			};
			buildConfigurationList = A17BD1EC227FE80A0011C488 /* Build configuration list for PBXProject "ProductsCatalog" */;
			compatibilityVersion = "Xcode 9.3";
			developmentRegion = en;
			hasScannedForEncodings = 0;
			knownRegions = (
				en,
				Base,
				"pt-BR",
			);
			mainGroup = A17BD1E8227FE80A0011C488;
			productRefGroup = A17BD1F2227FE80A0011C488 /* Products */;
			projectDirPath = "";
			projectRoot = "";
			targets = (
				A17BD1F0227FE80A0011C488 /* ProductsCatalog */,
				A17BD204227FE80B0011C488 /* ProductsCatalogTests */,
			);
		};
/* End PBXProject section */

/* Begin PBXResourcesBuildPhase section */
		A17BD1EF227FE80A0011C488 /* Resources */ = {
			isa = PBXResourcesBuildPhase;
			buildActionMask = 2147483647;
			files = (
				A17BD1FF227FE80B0011C488 /* LaunchScreen.storyboard in Resources */,
				A10E8CE922828846009FC008 /* GoogleService-Info.plist in Resources */,
				A10F68C122810416000BFFFC /* Localizable.strings in Resources */,
				A17BD1FC227FE80B0011C488 /* Assets.xcassets in Resources */,
			);
			runOnlyForDeploymentPostprocessing = 0;
		};
		A17BD203227FE80B0011C488 /* Resources */ = {
			isa = PBXResourcesBuildPhase;
			buildActionMask = 2147483647;
			files = (
			);
			runOnlyForDeploymentPostprocessing = 0;
		};
/* End PBXResourcesBuildPhase section */

/* Begin PBXShellScriptBuildPhase section */
		36B71A4C5C736E0B167BC789 /* [CP] Embed Pods Frameworks */ = {
			isa = PBXShellScriptBuildPhase;
			buildActionMask = 2147483647;
			files = (
			);
			inputPaths = (
				"${SRCROOT}/Pods/Target Support Files/Pods-ProductsCatalogTests/Pods-ProductsCatalogTests-frameworks.sh",
				"${BUILT_PRODUCTS_DIR}/Nimble/Nimble.framework",
			);
			name = "[CP] Embed Pods Frameworks";
			outputPaths = (
				"${TARGET_BUILD_DIR}/${FRAMEWORKS_FOLDER_PATH}/Nimble.framework",
			);
			runOnlyForDeploymentPostprocessing = 0;
			shellPath = /bin/sh;
			shellScript = "\"${SRCROOT}/Pods/Target Support Files/Pods-ProductsCatalogTests/Pods-ProductsCatalogTests-frameworks.sh\"\n";
			showEnvVarsInLog = 0;
		};
		6BE13ECD894B8A6503B0B886 /* [CP] Embed Pods Frameworks */ = {
			isa = PBXShellScriptBuildPhase;
			buildActionMask = 2147483647;
			files = (
			);
			inputPaths = (
				"${SRCROOT}/Pods/Target Support Files/Pods-ProductsCatalog/Pods-ProductsCatalog-frameworks.sh",
				"${BUILT_PRODUCTS_DIR}/Alamofire/Alamofire.framework",
				"${BUILT_PRODUCTS_DIR}/GoogleUtilities/GoogleUtilities.framework",
				"${BUILT_PRODUCTS_DIR}/Moya/Moya.framework",
				"${BUILT_PRODUCTS_DIR}/R.swift.Library/Rswift.framework",
				"${BUILT_PRODUCTS_DIR}/Result/Result.framework",
				"${BUILT_PRODUCTS_DIR}/RxSwift/RxSwift.framework",
				"${BUILT_PRODUCTS_DIR}/SDWebImage/SDWebImage.framework",
				"${BUILT_PRODUCTS_DIR}/SnapKit/SnapKit.framework",
				"${BUILT_PRODUCTS_DIR}/Swinject/Swinject.framework",
				"${BUILT_PRODUCTS_DIR}/leveldb-library/leveldb.framework",
				"${BUILT_PRODUCTS_DIR}/nanopb/nanopb.framework",
			);
			name = "[CP] Embed Pods Frameworks";
			outputPaths = (
				"${TARGET_BUILD_DIR}/${FRAMEWORKS_FOLDER_PATH}/Alamofire.framework",
				"${TARGET_BUILD_DIR}/${FRAMEWORKS_FOLDER_PATH}/GoogleUtilities.framework",
				"${TARGET_BUILD_DIR}/${FRAMEWORKS_FOLDER_PATH}/Moya.framework",
				"${TARGET_BUILD_DIR}/${FRAMEWORKS_FOLDER_PATH}/Rswift.framework",
				"${TARGET_BUILD_DIR}/${FRAMEWORKS_FOLDER_PATH}/Result.framework",
				"${TARGET_BUILD_DIR}/${FRAMEWORKS_FOLDER_PATH}/RxSwift.framework",
				"${TARGET_BUILD_DIR}/${FRAMEWORKS_FOLDER_PATH}/SDWebImage.framework",
				"${TARGET_BUILD_DIR}/${FRAMEWORKS_FOLDER_PATH}/SnapKit.framework",
				"${TARGET_BUILD_DIR}/${FRAMEWORKS_FOLDER_PATH}/Swinject.framework",
				"${TARGET_BUILD_DIR}/${FRAMEWORKS_FOLDER_PATH}/leveldb.framework",
				"${TARGET_BUILD_DIR}/${FRAMEWORKS_FOLDER_PATH}/nanopb.framework",
			);
			runOnlyForDeploymentPostprocessing = 0;
			shellPath = /bin/sh;
			shellScript = "\"${SRCROOT}/Pods/Target Support Files/Pods-ProductsCatalog/Pods-ProductsCatalog-frameworks.sh\"\n";
			showEnvVarsInLog = 0;
		};
		A17BD215227FE9E90011C488 /* ShellScript */ = {
			isa = PBXShellScriptBuildPhase;
			buildActionMask = 2147483647;
			files = (
			);
			inputPaths = (
				"$TEMP_DIR/rswift-lastrun",
			);
			outputPaths = (
				$SRCROOT/R.generated.swift,
			);
			runOnlyForDeploymentPostprocessing = 0;
			shellPath = /bin/sh;
			shellScript = "# Type a script or drag a script file from your workspace to insert its path.\n\"$PODS_ROOT/R.swift/rswift\" generate \"$SRCROOT/R.generated.swift\"\n";
		};
		A5CA773BFBEEB5AE806C2062 /* [CP] Check Pods Manifest.lock */ = {
			isa = PBXShellScriptBuildPhase;
			buildActionMask = 2147483647;
			files = (
			);
			inputPaths = (
				"${PODS_PODFILE_DIR_PATH}/Podfile.lock",
				"${PODS_ROOT}/Manifest.lock",
			);
			name = "[CP] Check Pods Manifest.lock";
			outputPaths = (
				"$(DERIVED_FILE_DIR)/Pods-ProductsCatalog-checkManifestLockResult.txt",
			);
			runOnlyForDeploymentPostprocessing = 0;
			shellPath = /bin/sh;
			shellScript = "diff \"${PODS_PODFILE_DIR_PATH}/Podfile.lock\" \"${PODS_ROOT}/Manifest.lock\" > /dev/null\nif [ $? != 0 ] ; then\n    # print error to STDERR\n    echo \"error: The sandbox is not in sync with the Podfile.lock. Run 'pod install' or update your CocoaPods installation.\" >&2\n    exit 1\nfi\n# This output is used by Xcode 'outputs' to avoid re-running this script phase.\necho \"SUCCESS\" > \"${SCRIPT_OUTPUT_FILE_0}\"\n";
			showEnvVarsInLog = 0;
		};
		CFEA2A49BB80694228B4D66E /* [CP] Check Pods Manifest.lock */ = {
			isa = PBXShellScriptBuildPhase;
			buildActionMask = 2147483647;
			files = (
			);
			inputPaths = (
				"${PODS_PODFILE_DIR_PATH}/Podfile.lock",
				"${PODS_ROOT}/Manifest.lock",
			);
			name = "[CP] Check Pods Manifest.lock";
			outputPaths = (
				"$(DERIVED_FILE_DIR)/Pods-ProductsCatalogTests-checkManifestLockResult.txt",
			);
			runOnlyForDeploymentPostprocessing = 0;
			shellPath = /bin/sh;
			shellScript = "diff \"${PODS_PODFILE_DIR_PATH}/Podfile.lock\" \"${PODS_ROOT}/Manifest.lock\" > /dev/null\nif [ $? != 0 ] ; then\n    # print error to STDERR\n    echo \"error: The sandbox is not in sync with the Podfile.lock. Run 'pod install' or update your CocoaPods installation.\" >&2\n    exit 1\nfi\n# This output is used by Xcode 'outputs' to avoid re-running this script phase.\necho \"SUCCESS\" > \"${SCRIPT_OUTPUT_FILE_0}\"\n";
			showEnvVarsInLog = 0;
		};
/* End PBXShellScriptBuildPhase section */

/* Begin PBXSourcesBuildPhase section */
		A17BD1ED227FE80A0011C488 /* Sources */ = {
			isa = PBXSourcesBuildPhase;
			buildActionMask = 2147483647;
			files = (
				A10F68D1228109D6000BFFFC /* UIImageView+Extension.swift in Sources */,
				A10E8CDD2282670B009FC008 /* RetrieveCartProductsUseCase.swift in Sources */,
				A17BD22022803B480011C488 /* Coordinator.swift in Sources */,
				A10E8CFA2282A63C009FC008 /* HomeEmptyStateView.swift in Sources */,
				A17BD248228048FD0011C488 /* TabController.swift in Sources */,
				A10E8CCE22825AE3009FC008 /* CartProcutEntity.swift in Sources */,
				A10E8CE72282811E009FC008 /* UseCase.swift in Sources */,
				A10E8CCA22825250009FC008 /* RemoteDatabaseDataSource.swift in Sources */,
				A17BD23622803D840011C488 /* HomeViewModel.swift in Sources */,
				A17BD24422803ED30011C488 /* HomeCoordinator.swift in Sources */,
				A10E8CD222825E7C009FC008 /* FirebaseException.swift in Sources */,
				A10E8CD422825EE0009FC008 /* GeneralException.swift in Sources */,
				A10E8CFC2282AB5F009FC008 /* CartEmptyStateView.swift in Sources */,
				A10E8CCC22825925009FC008 /* FirebaseRemoteDatabaseDataSource.swift in Sources */,
				A10E8CD722826051009FC008 /* AddProductToCartUseCase.swift in Sources */,
				A10F68CF2281096E000BFFFC /* ProductCollectionViewCell.swift in Sources */,
				A17BD1F5227FE80A0011C488 /* AppDelegate.swift in Sources */,
				A10E8CC522825131009FC008 /* ApiProductsDataSource.swift in Sources */,
				A17BD23E22803DAA0011C488 /* CartViewModel.swift in Sources */,
				A17BD23822803D900011C488 /* HomeView.swift in Sources */,
				A10F68CD2281087F000BFFFC /* UICollectionView+Extension.swift in Sources */,
				A17BD217227FEA670011C488 /* R.generated.swift in Sources */,
				A10E8CED22828D71009FC008 /* CartFooterView.swift in Sources */,
				A10E8CEF22828EC6009FC008 /* UIStackView+Extension.swift in Sources */,
				A17BD25E228053C20011C488 /* ProductModel.swift in Sources */,
				A17BD21A22803AA60011C488 /* DependencyInjection.swift in Sources */,
				A10F68C922810714000BFFFC /* ProductsCollectionViewDataSource.swift in Sources */,
				A17BD22122803B480011C488 /* NavigationCoordination.swift in Sources */,
				A17BD24B22804B010011C488 /* Endpoint.swift in Sources */,
				A17BD25B2280539C0011C488 /* RetrieveProductsUseCase.swift in Sources */,
				A10E8CC72282513D009FC008 /* ProductsDataSource.swift in Sources */,
				A17BD24F22804C4B0011C488 /* ProductEntity.swift in Sources */,
				A17BD24022803DB40011C488 /* CartView.swift in Sources */,
				A17BD256228052C20011C488 /* ProductsRepository.swift in Sources */,
				A17BD23A22803D9B0011C488 /* CartViewController.swift in Sources */,
				A17BD23C22803DA30011C488 /* CartPresenter.swift in Sources */,
				A17BD25422804F8A0011C488 /* JSONParseException.swift in Sources */,
				A10E8CF122829017009FC008 /* CartTableViewDataSource.swift in Sources */,
				A17BD23222803D730011C488 /* HomeViewController.swift in Sources */,
				A10F68D322810BA6000BFFFC /* UIView+Extension.swift in Sources */,
				A10E8CF82282A55B009FC008 /* EmptableView.swift in Sources */,
				A10E8CD022825B49009FC008 /* RemoteDatabaseRepository.swift in Sources */,
				A10E8CF422829058009FC008 /* CartProductTableViewCell.swift in Sources */,
				A17BD258228053050011C488 /* ReactiveUseCase.swift in Sources */,
				A10F68D622811CC4000BFFFC /* LoadableView.swift in Sources */,
				A17BD22422803B650011C488 /* ApplicationCoordinator.swift in Sources */,
				A10E8CE52282810C009FC008 /* RetrieveAvailableSizesUseCase.swift in Sources */,
				A10E8CF622829420009FC008 /* UITableView+Extension.swift in Sources */,
				A10E8CD92282609D009FC008 /* CartProductModel.swift in Sources */,
				A17BD24622803EDB0011C488 /* CartCoordinator.swift in Sources */,
				A10E8CDB2282639D009FC008 /* RemoveProductFromCartUseCase.swift in Sources */,
				A17BD23422803D7C0011C488 /* HomePresenter.swift in Sources */,
			);
			runOnlyForDeploymentPostprocessing = 0;
		};
		A17BD201227FE80B0011C488 /* Sources */ = {
			isa = PBXSourcesBuildPhase;
			buildActionMask = 2147483647;
			files = (
				A17BD20A227FE80B0011C488 /* ProductsCatalogTests.swift in Sources */,
			);
			runOnlyForDeploymentPostprocessing = 0;
		};
/* End PBXSourcesBuildPhase section */

/* Begin PBXTargetDependency section */
		A17BD207227FE80B0011C488 /* PBXTargetDependency */ = {
			isa = PBXTargetDependency;
			target = A17BD1F0227FE80A0011C488 /* ProductsCatalog */;
			targetProxy = A17BD206227FE80B0011C488 /* PBXContainerItemProxy */;
		};
/* End PBXTargetDependency section */

/* Begin PBXVariantGroup section */
		A10F68C322810416000BFFFC /* Localizable.strings */ = {
			isa = PBXVariantGroup;
			children = (
				A10F68C222810416000BFFFC /* en */,
				A10F68C42281041B000BFFFC /* pt-BR */,
			);
			name = Localizable.strings;
			sourceTree = "<group>";
		};
		A17BD1FD227FE80B0011C488 /* LaunchScreen.storyboard */ = {
			isa = PBXVariantGroup;
			children = (
				A17BD1FE227FE80B0011C488 /* Base */,
				A10F68BE228103C9000BFFFC /* pt-BR */,
			);
			name = LaunchScreen.storyboard;
			sourceTree = "<group>";
		};
/* End PBXVariantGroup section */

/* Begin XCBuildConfiguration section */
		A17BD20C227FE80B0011C488 /* Debug */ = {
			isa = XCBuildConfiguration;
			buildSettings = {
				ALWAYS_SEARCH_USER_PATHS = NO;
				CLANG_ANALYZER_LOCALIZABILITY_NONLOCALIZED = YES;
				CLANG_ANALYZER_NONNULL = YES;
				CLANG_ANALYZER_NUMBER_OBJECT_CONVERSION = YES_AGGRESSIVE;
				CLANG_CXX_LANGUAGE_STANDARD = "gnu++14";
				CLANG_CXX_LIBRARY = "libc++";
				CLANG_ENABLE_MODULES = YES;
				CLANG_ENABLE_OBJC_ARC = YES;
				CLANG_ENABLE_OBJC_WEAK = YES;
				CLANG_WARN_BLOCK_CAPTURE_AUTORELEASING = YES;
				CLANG_WARN_BOOL_CONVERSION = YES;
				CLANG_WARN_COMMA = YES;
				CLANG_WARN_CONSTANT_CONVERSION = YES;
				CLANG_WARN_DEPRECATED_OBJC_IMPLEMENTATIONS = YES;
				CLANG_WARN_DIRECT_OBJC_ISA_USAGE = YES_ERROR;
				CLANG_WARN_DOCUMENTATION_COMMENTS = YES;
				CLANG_WARN_EMPTY_BODY = YES;
				CLANG_WARN_ENUM_CONVERSION = YES;
				CLANG_WARN_INFINITE_RECURSION = YES;
				CLANG_WARN_INT_CONVERSION = YES;
				CLANG_WARN_NON_LITERAL_NULL_CONVERSION = YES;
				CLANG_WARN_OBJC_IMPLICIT_RETAIN_SELF = YES;
				CLANG_WARN_OBJC_LITERAL_CONVERSION = YES;
				CLANG_WARN_OBJC_ROOT_CLASS = YES_ERROR;
				CLANG_WARN_RANGE_LOOP_ANALYSIS = YES;
				CLANG_WARN_STRICT_PROTOTYPES = YES;
				CLANG_WARN_SUSPICIOUS_MOVE = YES;
				CLANG_WARN_UNGUARDED_AVAILABILITY = YES_AGGRESSIVE;
				CLANG_WARN_UNREACHABLE_CODE = YES;
				CLANG_WARN__DUPLICATE_METHOD_MATCH = YES;
				CODE_SIGN_IDENTITY = "iPhone Developer";
				COPY_PHASE_STRIP = NO;
				DEBUG_INFORMATION_FORMAT = dwarf;
				ENABLE_STRICT_OBJC_MSGSEND = YES;
				ENABLE_TESTABILITY = YES;
				GCC_C_LANGUAGE_STANDARD = gnu11;
				GCC_DYNAMIC_NO_PIC = NO;
				GCC_NO_COMMON_BLOCKS = YES;
				GCC_OPTIMIZATION_LEVEL = 0;
				GCC_PREPROCESSOR_DEFINITIONS = (
					"DEBUG=1",
					"$(inherited)",
				);
				GCC_WARN_64_TO_32_BIT_CONVERSION = YES;
				GCC_WARN_ABOUT_RETURN_TYPE = YES_ERROR;
				GCC_WARN_UNDECLARED_SELECTOR = YES;
				GCC_WARN_UNINITIALIZED_AUTOS = YES_AGGRESSIVE;
				GCC_WARN_UNUSED_FUNCTION = YES;
				GCC_WARN_UNUSED_VARIABLE = YES;
				IPHONEOS_DEPLOYMENT_TARGET = 12.2;
				MTL_ENABLE_DEBUG_INFO = INCLUDE_SOURCE;
				MTL_FAST_MATH = YES;
				ONLY_ACTIVE_ARCH = YES;
				SDKROOT = iphoneos;
				SWIFT_ACTIVE_COMPILATION_CONDITIONS = DEBUG;
				SWIFT_OPTIMIZATION_LEVEL = "-Onone";
			};
			name = Debug;
		};
		A17BD20D227FE80B0011C488 /* Release */ = {
			isa = XCBuildConfiguration;
			buildSettings = {
				ALWAYS_SEARCH_USER_PATHS = NO;
				CLANG_ANALYZER_LOCALIZABILITY_NONLOCALIZED = YES;
				CLANG_ANALYZER_NONNULL = YES;
				CLANG_ANALYZER_NUMBER_OBJECT_CONVERSION = YES_AGGRESSIVE;
				CLANG_CXX_LANGUAGE_STANDARD = "gnu++14";
				CLANG_CXX_LIBRARY = "libc++";
				CLANG_ENABLE_MODULES = YES;
				CLANG_ENABLE_OBJC_ARC = YES;
				CLANG_ENABLE_OBJC_WEAK = YES;
				CLANG_WARN_BLOCK_CAPTURE_AUTORELEASING = YES;
				CLANG_WARN_BOOL_CONVERSION = YES;
				CLANG_WARN_COMMA = YES;
				CLANG_WARN_CONSTANT_CONVERSION = YES;
				CLANG_WARN_DEPRECATED_OBJC_IMPLEMENTATIONS = YES;
				CLANG_WARN_DIRECT_OBJC_ISA_USAGE = YES_ERROR;
				CLANG_WARN_DOCUMENTATION_COMMENTS = YES;
				CLANG_WARN_EMPTY_BODY = YES;
				CLANG_WARN_ENUM_CONVERSION = YES;
				CLANG_WARN_INFINITE_RECURSION = YES;
				CLANG_WARN_INT_CONVERSION = YES;
				CLANG_WARN_NON_LITERAL_NULL_CONVERSION = YES;
				CLANG_WARN_OBJC_IMPLICIT_RETAIN_SELF = YES;
				CLANG_WARN_OBJC_LITERAL_CONVERSION = YES;
				CLANG_WARN_OBJC_ROOT_CLASS = YES_ERROR;
				CLANG_WARN_RANGE_LOOP_ANALYSIS = YES;
				CLANG_WARN_STRICT_PROTOTYPES = YES;
				CLANG_WARN_SUSPICIOUS_MOVE = YES;
				CLANG_WARN_UNGUARDED_AVAILABILITY = YES_AGGRESSIVE;
				CLANG_WARN_UNREACHABLE_CODE = YES;
				CLANG_WARN__DUPLICATE_METHOD_MATCH = YES;
				CODE_SIGN_IDENTITY = "iPhone Developer";
				COPY_PHASE_STRIP = NO;
				DEBUG_INFORMATION_FORMAT = "dwarf-with-dsym";
				ENABLE_NS_ASSERTIONS = NO;
				ENABLE_STRICT_OBJC_MSGSEND = YES;
				GCC_C_LANGUAGE_STANDARD = gnu11;
				GCC_NO_COMMON_BLOCKS = YES;
				GCC_WARN_64_TO_32_BIT_CONVERSION = YES;
				GCC_WARN_ABOUT_RETURN_TYPE = YES_ERROR;
				GCC_WARN_UNDECLARED_SELECTOR = YES;
				GCC_WARN_UNINITIALIZED_AUTOS = YES_AGGRESSIVE;
				GCC_WARN_UNUSED_FUNCTION = YES;
				GCC_WARN_UNUSED_VARIABLE = YES;
				IPHONEOS_DEPLOYMENT_TARGET = 12.2;
				MTL_ENABLE_DEBUG_INFO = NO;
				MTL_FAST_MATH = YES;
				SDKROOT = iphoneos;
				SWIFT_COMPILATION_MODE = wholemodule;
				SWIFT_OPTIMIZATION_LEVEL = "-O";
				VALIDATE_PRODUCT = YES;
			};
			name = Release;
		};
		A17BD20F227FE80B0011C488 /* Debug */ = {
			isa = XCBuildConfiguration;
			baseConfigurationReference = A7572663A730EAC039DBBBC5 /* Pods-ProductsCatalog.debug.xcconfig */;
			buildSettings = {
				ASSETCATALOG_COMPILER_APPICON_NAME = AppIcon;
				CODE_SIGN_STYLE = Automatic;
				DEVELOPMENT_TEAM = BKR95QN7KN;
				INFOPLIST_FILE = ProductsCatalog/Info.plist;
				LD_RUNPATH_SEARCH_PATHS = (
					"$(inherited)",
					"@executable_path/Frameworks",
				);
				PRODUCT_BUNDLE_IDENTIFIER = com.personal.ProductsCatalog;
				PRODUCT_NAME = "$(TARGET_NAME)";
				SWIFT_VERSION = 5.0;
				TARGETED_DEVICE_FAMILY = "1,2";
			};
			name = Debug;
		};
		A17BD210227FE80B0011C488 /* Release */ = {
			isa = XCBuildConfiguration;
			baseConfigurationReference = DC4756C0D804DAFC02518A6A /* Pods-ProductsCatalog.release.xcconfig */;
			buildSettings = {
				ASSETCATALOG_COMPILER_APPICON_NAME = AppIcon;
				CODE_SIGN_STYLE = Automatic;
				DEVELOPMENT_TEAM = BKR95QN7KN;
				INFOPLIST_FILE = ProductsCatalog/Info.plist;
				LD_RUNPATH_SEARCH_PATHS = (
					"$(inherited)",
					"@executable_path/Frameworks",
				);
				PRODUCT_BUNDLE_IDENTIFIER = com.personal.ProductsCatalog;
				PRODUCT_NAME = "$(TARGET_NAME)";
				SWIFT_VERSION = 5.0;
				TARGETED_DEVICE_FAMILY = "1,2";
			};
			name = Release;
		};
		A17BD212227FE80B0011C488 /* Debug */ = {
			isa = XCBuildConfiguration;
			baseConfigurationReference = B21D312E518213DE0B07CEFF /* Pods-ProductsCatalogTests.debug.xcconfig */;
			buildSettings = {
				BUNDLE_LOADER = "$(TEST_HOST)";
				CODE_SIGN_STYLE = Automatic;
				DEVELOPMENT_TEAM = BKR95QN7KN;
				INFOPLIST_FILE = ProductsCatalogTests/Info.plist;
				LD_RUNPATH_SEARCH_PATHS = (
					"$(inherited)",
					"@executable_path/Frameworks",
					"@loader_path/Frameworks",
				);
				PRODUCT_BUNDLE_IDENTIFIER = com.personal.ProductsCatalogTests;
				PRODUCT_NAME = "$(TARGET_NAME)";
				SWIFT_VERSION = 5.0;
				TARGETED_DEVICE_FAMILY = "1,2";
				TEST_HOST = "$(BUILT_PRODUCTS_DIR)/ProductsCatalog.app/ProductsCatalog";
			};
			name = Debug;
		};
		A17BD213227FE80B0011C488 /* Release */ = {
			isa = XCBuildConfiguration;
			baseConfigurationReference = 828035512A268AA0968899D6 /* Pods-ProductsCatalogTests.release.xcconfig */;
			buildSettings = {
				BUNDLE_LOADER = "$(TEST_HOST)";
				CODE_SIGN_STYLE = Automatic;
				DEVELOPMENT_TEAM = BKR95QN7KN;
				INFOPLIST_FILE = ProductsCatalogTests/Info.plist;
				LD_RUNPATH_SEARCH_PATHS = (
					"$(inherited)",
					"@executable_path/Frameworks",
					"@loader_path/Frameworks",
				);
				PRODUCT_BUNDLE_IDENTIFIER = com.personal.ProductsCatalogTests;
				PRODUCT_NAME = "$(TARGET_NAME)";
				SWIFT_VERSION = 5.0;
				TARGETED_DEVICE_FAMILY = "1,2";
				TEST_HOST = "$(BUILT_PRODUCTS_DIR)/ProductsCatalog.app/ProductsCatalog";
			};
			name = Release;
		};
/* End XCBuildConfiguration section */

/* Begin XCConfigurationList section */
		A17BD1EC227FE80A0011C488 /* Build configuration list for PBXProject "ProductsCatalog" */ = {
			isa = XCConfigurationList;
			buildConfigurations = (
				A17BD20C227FE80B0011C488 /* Debug */,
				A17BD20D227FE80B0011C488 /* Release */,
			);
			defaultConfigurationIsVisible = 0;
			defaultConfigurationName = Release;
		};
		A17BD20E227FE80B0011C488 /* Build configuration list for PBXNativeTarget "ProductsCatalog" */ = {
			isa = XCConfigurationList;
			buildConfigurations = (
				A17BD20F227FE80B0011C488 /* Debug */,
				A17BD210227FE80B0011C488 /* Release */,
			);
			defaultConfigurationIsVisible = 0;
			defaultConfigurationName = Release;
		};
		A17BD211227FE80B0011C488 /* Build configuration list for PBXNativeTarget "ProductsCatalogTests" */ = {
			isa = XCConfigurationList;
			buildConfigurations = (
				A17BD212227FE80B0011C488 /* Debug */,
				A17BD213227FE80B0011C488 /* Release */,
			);
			defaultConfigurationIsVisible = 0;
			defaultConfigurationName = Release;
		};
/* End XCConfigurationList section */
	};
	rootObject = A17BD1E9227FE80A0011C488 /* Project object */;
}
